
Microsoft Visual Studio Solution File, Format Version 12.00
Project("{FAE04EC0-301F-11D3-BF4B-00C04F79EFBC}") = "Finviz.TestApp.ImageNet.Api", "src\Finviz.TestApp.ImageNet.Api\Finviz.TestApp.ImageNet.Api.csproj", "{63B65525-5400-4B63-9943-B43856ADEC05}"
EndProject
Project("{2150E333-8FDC-42A3-9474-1A3956D46DE8}") = "SolutionFolder", "SolutionFolder", "{F8A2A388-4224-48A4-A8FF-15864361E3F2}"
	ProjectSection(SolutionItems) = preProject
		.dockerignore = .dockerignore
		CreateAppStack.sh = CreateAppStack.sh
		Directory.Build.props = Directory.Build.props
		Directory.Packages.props = Directory.Packages.props
		.gitignore = .gitignore
	EndProjectSection
EndProject
Project("{2150E333-8FDC-42A3-9474-1A3956D46DE8}") = "Docker", "Docker", "{858811B5-B079-4F14-A392-655046AEBBF2}"
	ProjectSection(SolutionItems) = preProject
		.env = .env
		docker-compose.backend.yaml = docker-compose.backend.yaml
		docker-compose.frontend.yaml = docker-compose.frontend.yaml
		docker-compose.infrastructure.yaml = docker-compose.infrastructure.yaml
		docker-compose.yaml = docker-compose.yaml
		.env.sample = .env.sample
	EndProjectSection
EndProject
Project("{FAE04EC0-301F-11D3-BF4B-00C04F79EFBC}") = "Finviz.TestApp.Domain.Shared", "src\Finviz.TestApp.Domain.Shared\Finviz.TestApp.Domain.Shared.csproj", "{78ADCBB7-04FA-4BF2-B247-13FE37380BC8}"
EndProject
Project("{FAE04EC0-301F-11D3-BF4B-00C04F79EFBC}") = "Finviz.TestApp.ImageNet.Domain", "src\Finviz.TestApp.ImageNet.Domain\Finviz.TestApp.ImageNet.Domain.csproj", "{F667763E-9AC7-45E0-B72A-CFFAE0930AE2}"
EndProject
Project("{FAE04EC0-301F-11D3-BF4B-00C04F79EFBC}") = "Finviz.TestApp.ImageNet.Persistence", "src\Finviz.TestApp.ImageNet.Persistence\Finviz.TestApp.ImageNet.Persistence.csproj", "{2A9272F5-2620-4E36-A5C4-9CBCDDB92D0B}"
EndProject
Project("{2150E333-8FDC-42A3-9474-1A3956D46DE8}") = "Migrations", "Migrations", "{CA2D4C2F-457D-4295-858C-206D741D5CA9}"
	ProjectSection(SolutionItems) = preProject
		src\MigrationAdd.bat = src\MigrationAdd.bat
		src\MigrationRemove.bat = src\MigrationRemove.bat
		src\UpdateDatabase.bat = src\UpdateDatabase.bat
	EndProjectSection
EndProject
Project("{FAE04EC0-301F-11D3-BF4B-00C04F79EFBC}") = "Finviz.TestApp.ImageNet.Infrastructure", "src\Finviz.TestApp.ImageNet.Infrastructure\Finviz.TestApp.ImageNet.Infrastructure.csproj", "{18AD2AFF-9D8A-4BDD-B142-776C2D3D2C7C}"
EndProject
Global
	GlobalSection(SolutionConfigurationPlatforms) = preSolution
		Debug|Any CPU = Debug|Any CPU
		Release|Any CPU = Release|Any CPU
	EndGlobalSection
	GlobalSection(ProjectConfigurationPlatforms) = postSolution
		{63B65525-5400-4B63-9943-B43856ADEC05}.Debug|Any CPU.ActiveCfg = Debug|Any CPU
		{63B65525-5400-4B63-9943-B43856ADEC05}.Debug|Any CPU.Build.0 = Debug|Any CPU
		{63B65525-5400-4B63-9943-B43856ADEC05}.Release|Any CPU.ActiveCfg = Release|Any CPU
		{63B65525-5400-4B63-9943-B43856ADEC05}.Release|Any CPU.Build.0 = Release|Any CPU
		{78ADCBB7-04FA-4BF2-B247-13FE37380BC8}.Debug|Any CPU.ActiveCfg = Debug|Any CPU
		{78ADCBB7-04FA-4BF2-B247-13FE37380BC8}.Debug|Any CPU.Build.0 = Debug|Any CPU
		{78ADCBB7-04FA-4BF2-B247-13FE37380BC8}.Release|Any CPU.ActiveCfg = Release|Any CPU
		{78ADCBB7-04FA-4BF2-B247-13FE37380BC8}.Release|Any CPU.Build.0 = Release|Any CPU
		{F667763E-9AC7-45E0-B72A-CFFAE0930AE2}.Debug|Any CPU.ActiveCfg = Debug|Any CPU
		{F667763E-9AC7-45E0-B72A-CFFAE0930AE2}.Debug|Any CPU.Build.0 = Debug|Any CPU
		{F667763E-9AC7-45E0-B72A-CFFAE0930AE2}.Release|Any CPU.ActiveCfg = Release|Any CPU
		{F667763E-9AC7-45E0-B72A-CFFAE0930AE2}.Release|Any CPU.Build.0 = Release|Any CPU
		{2A9272F5-2620-4E36-A5C4-9CBCDDB92D0B}.Debug|Any CPU.ActiveCfg = Debug|Any CPU
		{2A9272F5-2620-4E36-A5C4-9CBCDDB92D0B}.Debug|Any CPU.Build.0 = Debug|Any CPU
		{2A9272F5-2620-4E36-A5C4-9CBCDDB92D0B}.Release|Any CPU.ActiveCfg = Release|Any CPU
		{2A9272F5-2620-4E36-A5C4-9CBCDDB92D0B}.Release|Any CPU.Build.0 = Release|Any CPU
		{18AD2AFF-9D8A-4BDD-B142-776C2D3D2C7C}.Debug|Any CPU.ActiveCfg = Debug|Any CPU
		{18AD2AFF-9D8A-4BDD-B142-776C2D3D2C7C}.Debug|Any CPU.Build.0 = Debug|Any CPU
		{18AD2AFF-9D8A-4BDD-B142-776C2D3D2C7C}.Release|Any CPU.ActiveCfg = Release|Any CPU
		{18AD2AFF-9D8A-4BDD-B142-776C2D3D2C7C}.Release|Any CPU.Build.0 = Release|Any CPU
	EndGlobalSection
	GlobalSection(NestedProjects) = preSolution
		{858811B5-B079-4F14-A392-655046AEBBF2} = {F8A2A388-4224-48A4-A8FF-15864361E3F2}
		{CA2D4C2F-457D-4295-858C-206D741D5CA9} = {F8A2A388-4224-48A4-A8FF-15864361E3F2}
	EndGlobalSection
EndGlobal
